
Microsoft Visual Studio Solution File, Format Version 12.00
Project("{FAE04EC0-301F-11D3-BF4B-00C04F79EFBC}") = "CCE.WebAPI", "CCE.WebAPI\CCE.WebAPI.csproj", "{67F11A56-1C2F-4EDE-BDFF-918CE31AE7FD}"
EndProject
Project("{2150E333-8FDC-42A3-9474-1A3956D46DE8}") = "SolutionsItems", "SolutionsItems", "{B5A1BAA2-EF28-4D0F-AFFF-7C5892AF387B}"
EndProject
Project("{2150E333-8FDC-42A3-9474-1A3956D46DE8}") = "src", "src", "{781BFDF9-8E34-4BF6-8FE3-FBCCF4C78A0C}"
EndProject
Project("{FAE04EC0-301F-11D3-BF4B-00C04F79EFBC}") = "CCE.Application", "CCE.Application\CCE.Application.csproj", "{52F0038C-9406-4982-BBDE-04032CA9E643}"
EndProject
Project("{FAE04EC0-301F-11D3-BF4B-00C04F79EFBC}") = "CCE.Infrastructure", "CCE.Infrastructure\CCE.Infrastructure.csproj", "{CE5B9606-1A33-4981-9990-D763644F5683}"
EndProject
Project("{FAE04EC0-301F-11D3-BF4B-00C04F79EFBC}") = "CCE.Domain", "CCE.Domain\CCE.Domain.csproj", "{10F4FC07-EFFE-4803-A1B4-232727ADAEE9}"
EndProject
Global
	GlobalSection(SolutionConfigurationPlatforms) = preSolution
		Debug|Any CPU = Debug|Any CPU
		Release|Any CPU = Release|Any CPU
	EndGlobalSection
	GlobalSection(ProjectConfigurationPlatforms) = postSolution
		{67F11A56-1C2F-4EDE-BDFF-918CE31AE7FD}.Debug|Any CPU.ActiveCfg = Debug|Any CPU
		{67F11A56-1C2F-4EDE-BDFF-918CE31AE7FD}.Debug|Any CPU.Build.0 = Debug|Any CPU
		{67F11A56-1C2F-4EDE-BDFF-918CE31AE7FD}.Release|Any CPU.ActiveCfg = Release|Any CPU
		{67F11A56-1C2F-4EDE-BDFF-918CE31AE7FD}.Release|Any CPU.Build.0 = Release|Any CPU
		{52F0038C-9406-4982-BBDE-04032CA9E643}.Debug|Any CPU.ActiveCfg = Debug|Any CPU
		{52F0038C-9406-4982-BBDE-04032CA9E643}.Debug|Any CPU.Build.0 = Debug|Any CPU
		{52F0038C-9406-4982-BBDE-04032CA9E643}.Release|Any CPU.ActiveCfg = Release|Any CPU
		{52F0038C-9406-4982-BBDE-04032CA9E643}.Release|Any CPU.Build.0 = Release|Any CPU
		{CE5B9606-1A33-4981-9990-D763644F5683}.Debug|Any CPU.ActiveCfg = Debug|Any CPU
		{CE5B9606-1A33-4981-9990-D763644F5683}.Debug|Any CPU.Build.0 = Debug|Any CPU
		{CE5B9606-1A33-4981-9990-D763644F5683}.Release|Any CPU.ActiveCfg = Release|Any CPU
		{CE5B9606-1A33-4981-9990-D763644F5683}.Release|Any CPU.Build.0 = Release|Any CPU
		{10F4FC07-EFFE-4803-A1B4-232727ADAEE9}.Debug|Any CPU.ActiveCfg = Debug|Any CPU
		{10F4FC07-EFFE-4803-A1B4-232727ADAEE9}.Debug|Any CPU.Build.0 = Debug|Any CPU
		{10F4FC07-EFFE-4803-A1B4-232727ADAEE9}.Release|Any CPU.ActiveCfg = Release|Any CPU
		{10F4FC07-EFFE-4803-A1B4-232727ADAEE9}.Release|Any CPU.Build.0 = Release|Any CPU
	EndGlobalSection
	GlobalSection(NestedProjects) = preSolution
		{67F11A56-1C2F-4EDE-BDFF-918CE31AE7FD} = {781BFDF9-8E34-4BF6-8FE3-FBCCF4C78A0C}
		{52F0038C-9406-4982-BBDE-04032CA9E643} = {781BFDF9-8E34-4BF6-8FE3-FBCCF4C78A0C}
		{CE5B9606-1A33-4981-9990-D763644F5683} = {781BFDF9-8E34-4BF6-8FE3-FBCCF4C78A0C}
		{10F4FC07-EFFE-4803-A1B4-232727ADAEE9} = {781BFDF9-8E34-4BF6-8FE3-FBCCF4C78A0C}
	EndGlobalSection
EndGlobal
